
Microsoft Visual Studio Solution File, Format Version 12.00
# Visual Studio Version 17
VisualStudioVersion = 17.8.34525.116
MinimumVisualStudioVersion = 10.0.40219.1
Project("{FAE04EC0-301F-11D3-BF4B-00C04F79EFBC}") = "Selection_Sort", "Selection_Sort\Selection_Sort.csproj", "{DAC3BF72-6DF4-4CDA-ACF8-4A4ACED2B45E}"
EndProject
Global
	GlobalSection(SolutionConfigurationPlatforms) = preSolution
		Debug|Any CPU = Debug|Any CPU
		Release|Any CPU = Release|Any CPU
	EndGlobalSection
	GlobalSection(ProjectConfigurationPlatforms) = postSolution
		{DAC3BF72-6DF4-4CDA-ACF8-4A4ACED2B45E}.Debug|Any CPU.ActiveCfg = Debug|Any CPU
		{DAC3BF72-6DF4-4CDA-ACF8-4A4ACED2B45E}.Debug|Any CPU.Build.0 = Debug|Any CPU
		{DAC3BF72-6DF4-4CDA-ACF8-4A4ACED2B45E}.Release|Any CPU.ActiveCfg = Release|Any CPU
		{DAC3BF72-6DF4-4CDA-ACF8-4A4ACED2B45E}.Release|Any CPU.Build.0 = Release|Any CPU
	EndGlobalSection
	GlobalSection(SolutionProperties) = preSolution
		HideSolutionNode = FALSE
	EndGlobalSection
	GlobalSection(ExtensibilityGlobals) = postSolution
		SolutionGuid = {1AB79EAF-EF2E-4B71-BB4B-85F21DD97DCA}
	EndGlobalSection
EndGlobal
