
Microsoft Visual Studio Solution File, Format Version 12.00
# Visual Studio Version 17
VisualStudioVersion = 17.8.34525.116
MinimumVisualStudioVersion = 10.0.40219.1
Project("{FAE04EC0-301F-11D3-BF4B-00C04F79EFBC}") = "BottomLeftTree", "BottomLeftTree\BottomLeftTree.csproj", "{BBDC88DF-A5A9-4FFD-84BC-ABE9C8F46328}"
EndProject
Global
	GlobalSection(SolutionConfigurationPlatforms) = preSolution
		Debug|Any CPU = Debug|Any CPU
		Release|Any CPU = Release|Any CPU
	EndGlobalSection
	GlobalSection(ProjectConfigurationPlatforms) = postSolution
		{BBDC88DF-A5A9-4FFD-84BC-ABE9C8F46328}.Debug|Any CPU.ActiveCfg = Debug|Any CPU
		{BBDC88DF-A5A9-4FFD-84BC-ABE9C8F46328}.Debug|Any CPU.Build.0 = Debug|Any CPU
		{BBDC88DF-A5A9-4FFD-84BC-ABE9C8F46328}.Release|Any CPU.ActiveCfg = Release|Any CPU
		{BBDC88DF-A5A9-4FFD-84BC-ABE9C8F46328}.Release|Any CPU.Build.0 = Release|Any CPU
	EndGlobalSection
	GlobalSection(SolutionProperties) = preSolution
		HideSolutionNode = FALSE
	EndGlobalSection
	GlobalSection(ExtensibilityGlobals) = postSolution
		SolutionGuid = {CA8D380E-6BEB-415E-AE5A-C4DE56EFC012}
	EndGlobalSection
EndGlobal
