
Microsoft Visual Studio Solution File, Format Version 12.00
# Visual Studio Version 17
VisualStudioVersion = 17.7.34031.279
MinimumVisualStudioVersion = 10.0.40219.1
Project("{FAE04EC0-301F-11D3-BF4B-00C04F79EFBC}") = "DivideIntegers", "DivideIntegers\DivideIntegers.csproj", "{0BE2E775-D158-4860-8026-CB9C603E00CC}"
EndProject
Global
	GlobalSection(SolutionConfigurationPlatforms) = preSolution
		Debug|Any CPU = Debug|Any CPU
		Release|Any CPU = Release|Any CPU
	EndGlobalSection
	GlobalSection(ProjectConfigurationPlatforms) = postSolution
		{0BE2E775-D158-4860-8026-CB9C603E00CC}.Debug|Any CPU.ActiveCfg = Debug|Any CPU
		{0BE2E775-D158-4860-8026-CB9C603E00CC}.Debug|Any CPU.Build.0 = Debug|Any CPU
		{0BE2E775-D158-4860-8026-CB9C603E00CC}.Release|Any CPU.ActiveCfg = Release|Any CPU
		{0BE2E775-D158-4860-8026-CB9C603E00CC}.Release|Any CPU.Build.0 = Release|Any CPU
	EndGlobalSection
	GlobalSection(SolutionProperties) = preSolution
		HideSolutionNode = FALSE
	EndGlobalSection
	GlobalSection(ExtensibilityGlobals) = postSolution
		SolutionGuid = {ED65576B-802D-4EFE-BBFE-F300B789A52E}
	EndGlobalSection
EndGlobal
