
Microsoft Visual Studio Solution File, Format Version 12.00
# Visual Studio Version 17
VisualStudioVersion = 17.7.34031.279
MinimumVisualStudioVersion = 10.0.40219.1
Project("{FAE04EC0-301F-11D3-BF4B-00C04F79EFBC}") = "PowerOfThree", "PowerOfThree\PowerOfThree.csproj", "{B3F308E3-D6A6-4E50-AEEB-6FCC20576B89}"
EndProject
Global
	GlobalSection(SolutionConfigurationPlatforms) = preSolution
		Debug|Any CPU = Debug|Any CPU
		Release|Any CPU = Release|Any CPU
	EndGlobalSection
	GlobalSection(ProjectConfigurationPlatforms) = postSolution
		{B3F308E3-D6A6-4E50-AEEB-6FCC20576B89}.Debug|Any CPU.ActiveCfg = Debug|Any CPU
		{B3F308E3-D6A6-4E50-AEEB-6FCC20576B89}.Debug|Any CPU.Build.0 = Debug|Any CPU
		{B3F308E3-D6A6-4E50-AEEB-6FCC20576B89}.Release|Any CPU.ActiveCfg = Release|Any CPU
		{B3F308E3-D6A6-4E50-AEEB-6FCC20576B89}.Release|Any CPU.Build.0 = Release|Any CPU
	EndGlobalSection
	GlobalSection(SolutionProperties) = preSolution
		HideSolutionNode = FALSE
	EndGlobalSection
	GlobalSection(ExtensibilityGlobals) = postSolution
		SolutionGuid = {10D020F5-004F-4892-8FDC-D37B22729E01}
	EndGlobalSection
EndGlobal
