
Microsoft Visual Studio Solution File, Format Version 12.00
# Visual Studio Version 17
VisualStudioVersion = 17.3.32901.215
MinimumVisualStudioVersion = 10.0.40219.1
Project("{FAE04EC0-301F-11D3-BF4B-00C04F79EFBC}") = "solve_me", "solve_me\solve_me.csproj", "{336BFF18-9E72-4321-8F00-5EA77BA48BC1}"
EndProject
Global
	GlobalSection(SolutionConfigurationPlatforms) = preSolution
		Debug|Any CPU = Debug|Any CPU
		Release|Any CPU = Release|Any CPU
	EndGlobalSection
	GlobalSection(ProjectConfigurationPlatforms) = postSolution
		{336BFF18-9E72-4321-8F00-5EA77BA48BC1}.Debug|Any CPU.ActiveCfg = Debug|Any CPU
		{336BFF18-9E72-4321-8F00-5EA77BA48BC1}.Debug|Any CPU.Build.0 = Debug|Any CPU
		{336BFF18-9E72-4321-8F00-5EA77BA48BC1}.Release|Any CPU.ActiveCfg = Release|Any CPU
		{336BFF18-9E72-4321-8F00-5EA77BA48BC1}.Release|Any CPU.Build.0 = Release|Any CPU
	EndGlobalSection
	GlobalSection(SolutionProperties) = preSolution
		HideSolutionNode = FALSE
	EndGlobalSection
	GlobalSection(ExtensibilityGlobals) = postSolution
		SolutionGuid = {84E54DA0-1E14-4402-9313-C625D03FEFD9}
	EndGlobalSection
EndGlobal
