
Microsoft Visual Studio Solution File, Format Version 12.00
# Visual Studio Version 17
VisualStudioVersion = 17.7.34031.279
MinimumVisualStudioVersion = 10.0.40219.1
Project("{FAE04EC0-301F-11D3-BF4B-00C04F79EFBC}") = "Search_Insert_Position", "Search_Insert_Position\Search_Insert_Position.csproj", "{C5838F22-9C32-4C32-ADAC-A95BA24E6E47}"
EndProject
Global
	GlobalSection(SolutionConfigurationPlatforms) = preSolution
		Debug|Any CPU = Debug|Any CPU
		Release|Any CPU = Release|Any CPU
	EndGlobalSection
	GlobalSection(ProjectConfigurationPlatforms) = postSolution
		{C5838F22-9C32-4C32-ADAC-A95BA24E6E47}.Debug|Any CPU.ActiveCfg = Debug|Any CPU
		{C5838F22-9C32-4C32-ADAC-A95BA24E6E47}.Debug|Any CPU.Build.0 = Debug|Any CPU
		{C5838F22-9C32-4C32-ADAC-A95BA24E6E47}.Release|Any CPU.ActiveCfg = Release|Any CPU
		{C5838F22-9C32-4C32-ADAC-A95BA24E6E47}.Release|Any CPU.Build.0 = Release|Any CPU
	EndGlobalSection
	GlobalSection(SolutionProperties) = preSolution
		HideSolutionNode = FALSE
	EndGlobalSection
	GlobalSection(ExtensibilityGlobals) = postSolution
		SolutionGuid = {7E866195-7344-4C24-AF44-17ECE5F17124}
	EndGlobalSection
EndGlobal
